
Microsoft Visual Studio Solution File, Format Version 12.00
# Visual Studio 15
VisualStudioVersion = 15.0.26403.3
MinimumVisualStudioVersion = 10.0.40219.1
Project("{9A19103F-16F7-4668-BE54-9A1E7A4F7556}") = "Linq2RestANC", "Linq2RestANC\Linq2RestANC.csproj", "{42438D10-91A3-425D-AA70-5A6C8BA5D1D1}"
EndProject
Project("{9A19103F-16F7-4668-BE54-9A1E7A4F7556}") = "Linq2RestANC.Test", "Linq2RestANC.Test\Linq2RestANC.Test.csproj", "{3AB6D7BE-6B4D-4CA2-B9F9-C20013095E9F}"
EndProject
Global
	GlobalSection(SolutionConfigurationPlatforms) = preSolution
		Debug|Any CPU = Debug|Any CPU
		Release|Any CPU = Release|Any CPU
	EndGlobalSection
	GlobalSection(ProjectConfigurationPlatforms) = postSolution
		{42438D10-91A3-425D-AA70-5A6C8BA5D1D1}.Debug|Any CPU.ActiveCfg = Debug|Any CPU
		{42438D10-91A3-425D-AA70-5A6C8BA5D1D1}.Debug|Any CPU.Build.0 = Debug|Any CPU
		{42438D10-91A3-425D-AA70-5A6C8BA5D1D1}.Release|Any CPU.ActiveCfg = Release|Any CPU
		{42438D10-91A3-425D-AA70-5A6C8BA5D1D1}.Release|Any CPU.Build.0 = Release|Any CPU
		{3AB6D7BE-6B4D-4CA2-B9F9-C20013095E9F}.Debug|Any CPU.ActiveCfg = Debug|Any CPU
		{3AB6D7BE-6B4D-4CA2-B9F9-C20013095E9F}.Debug|Any CPU.Build.0 = Debug|Any CPU
		{3AB6D7BE-6B4D-4CA2-B9F9-C20013095E9F}.Release|Any CPU.ActiveCfg = Release|Any CPU
		{3AB6D7BE-6B4D-4CA2-B9F9-C20013095E9F}.Release|Any CPU.Build.0 = Release|Any CPU
	EndGlobalSection
	GlobalSection(SolutionProperties) = preSolution
		HideSolutionNode = FALSE
	EndGlobalSection
EndGlobal
